{
  "nodes": {
    "flake-compat": {
      "flake": false,
      "locked": {
        "lastModified": 1767039857,
        "narHash": "sha256-vNpUSpF5Nuw8xvDLj2KCwwksIbjua2LZCqhV1LNRDns=",
        "owner": "NixOS",
        "repo": "flake-compat",
        "rev": "5edf11c44bc78a0d334f6334cdaf7d60d732daab",
        "type": "github"
      },
      "original": {
        "owner": "NixOS",
        "repo": "flake-compat",
        "type": "github"
      }
    },
    "flake-parts": {
      "inputs": {
        "nixpkgs-lib": "nixpkgs-lib"
      },
      "locked": {
        "lastModified": 1788450739,
        "narHash": "sha256-glZLQlzIn1fXH6PazR2iUmTo7kzzyYSshrWhLS9TqCU=",
        "owner": "hercules-ci",
        "repo": "flake-parts",
        "rev": "31729ca8cbdb4fa927b34e5f4353e6a83f39e993",
        "type": "github"
      },
      "original": {
        "owner": "hercules-ci",
        "repo": "flake-parts",
        "type": "github"
      }
    },
    "home-manager": {
      "inputs": {
        "nixpkgs": [
          "nixpkgs"
        ]
      },
      "locked": {
        "lastModified": 1790996401,
        "narHash": "sha256-f+kOxEmOUnQazVAmGg0i8hzwgd1kX/geY+k/Dpheye8=",
        "owner": "nix-community",
        "repo": "home-manager",
        "rev": "db7d5e2332710f5abb088f6b5de927d7f9511b35",
        "type": "github"
      },
      "original": {
        "owner": "nix-community",
        "ref": "release-26.05",
        "repo": "home-manager",
        "type": "github"
      }
    },
    "inir": {
      "inputs": {
        "nixpkgs": "nixpkgs"
      },
      "locked": {
        "lastModified": 1790803893,
        "narHash": "sha256-SDhPNOhyGktgrcUd5L7ngHOztnI6HNPT+oBsOp/tLEQ=",
        "owner": "snowarch",
        "repo": "inir",
        "rev": "c08bb928fe71c6a00bfede3e99ef26fb1825ebe2",
        "type": "github"
      },
      "original": {
        "owner": "snowarch",
        "repo": "inir",
        "type": "github"
      }
    },
    "nix-cachyos-kernel": {
      "inputs": {
        "flake-compat": "flake-compat",
        "flake-parts": "flake-parts",
        "nixpkgs": "nixpkgs_2"
      },
      "locked": {
        "lastModified": 1790564970,
        "narHash": "sha256-ANcKKTLB5oitjAYPp+iWts5clpbowVbDPVvt03P7Hes=",
        "owner": "xddxdd",
        "repo": "nix-cachyos-kernel",
        "rev": "b1332396df6e880d7e3b6b451c6a74132ce8cf66",
        "type": "github"
      },
      "original": {
        "owner": "xddxdd",
        "ref": "release",
        "repo": "nix-cachyos-kernel",
        "type": "github"
      }
    },
    "nixos-hardware": {
      "inputs": {
        "nixpkgs": "nixpkgs_3"
      },
      "locked": {
        "lastModified": 1790948122,
        "narHash": "sha256-fDMYyzY1lI5b8RuCMrvoaIgTeRwNnTG4dNk1ucROlQE=",
        "owner": "NixOS",
        "repo": "nixos-hardware",
        "rev": "0953bb1a609df63013176e3463393f8df993d3ef",
        "type": "github"
      },
      "original": {
        "owner": "NixOS",
        "repo": "nixos-hardware",
        "type": "github"
      }
    },
    "nixpkgs": {
      "locked": {
        "lastModified": 1790822859,
        "narHash": "sha256-69xHQhAeMAD2wDXO7T2pcOZIF9Sga2W+JkmY2a11Ops=",
        "owner": "NixOS",
        "repo": "nixpkgs",
        "rev": "c59305bab2065cfecc4944690d9eedbb56f3a9fa",
        "type": "github"
      },
      "original": {
        "owner": "NixOS",
        "ref": "nixos-unstable",
        "repo": "nixpkgs",
        "type": "github"
      }
    },
    "nixpkgs-lib": {
      "locked": {
        "lastModified": 1788057806,
        "narHash": "sha256-DTQSMxzDWmT0zhguthvegnVkn7CFqGCv4IHCzk5ZUpM=",
        "owner": "nix-community",
        "repo": "nixpkgs.lib",
        "rev": "596e2e3940e09b2abbeb03f75fa1828c57fcd72c",
        "type": "github"
      },
      "original": {
        "owner": "nix-community",
        "repo": "nixpkgs.lib",
        "type": "github"
      }
    },
    "nixpkgs-unstable": {
      "locked": {
        "lastModified": 1790822859,
        "narHash": "sha256-VBA0QerzzmL+4wxgtwiCdiLwLpJg2/9xOxhgO3BRJQA=",
        "rev": "c59305bab2065cfecc4944690d9eedbb56f3a9fa",
        "type": "tarball",
        "url": "https://releases.nixos.org/nixos/unstable/nixos-26.11pre1083223.c59305bab206/nixexprs.tar.zst"
      },
      "original": {
        "id": "nixpkgs",
        "ref": "nixos-unstable",
        "type": "indirect"
      }
    },
    "nixpkgs_2": {
      "locked": {
        "lastModified": 1790505892,
        "narHash": "sha256-/pAz2XfqHS//WRn2xRjoqes7Z92qZ0Q1gufZZ3PtuwA=",
        "owner": "NixOS",
        "repo": "nixpkgs",
        "rev": "545c226a9af7f59fba5c3873f7c6a65e014c8f5f",
        "type": "github"
      },
      "original": {
        "owner": "NixOS",
        "ref": "nixos-unstable-small",
        "repo": "nixpkgs",
        "type": "github"
      }
    },
    "nixpkgs_3": {
      "locked": {
        "lastModified": 1789546076,
        "narHash": "sha256-vWkSk5bbfTqdtMoSgD9FshACO8JCvXTFi+3cqEp0mH0=",
        "rev": "b1b875982b17dabde9b4a37f3e229e74913e6db3",
        "type": "tarball",
        "url": "https://releases.nixos.org/nixos/unstable/nixos-26.11pre1074753.b1b875982b17/nixexprs.tar.xz"
      },
      "original": {
        "type": "tarball",
        "url": "https://channels.nixos.org/nixos-unstable/nixexprs.tar.xz"
      }
    },
    "nixpkgs_4": {
      "locked": {
        "lastModified": 1790920529,
        "narHash": "sha256-S5MjznoY0gbQbcANPLz5RYjg+5/WQmFRgNbHcP+ydcg=",
        "rev": "774debe7a0d1b496e35677ad955a1011c6ff74f3",
        "type": "tarball",
        "url": "https://releases.nixos.org/nixos/26.05/nixos-26.05.11045.774debe7a0d1/nixexprs.tar.zst"
      },
      "original": {
        "id": "nixpkgs",
        "ref": "nixos-26.05",
        "type": "indirect"
      }
    },
    "nixpkgs_5": {
      "locked": {
        "lastModified": 1774709303,
        "narHash": "sha256-D3Q07BbIA2KnTcSXIqqu9P586uWxN74zNoCH3h2ESHg=",
        "owner": "nixos",
        "repo": "nixpkgs",
        "rev": "8110df5ad7abf5d4c0f6fb0f8f978390e77f9685",
        "type": "github"
      },
      "original": {
        "owner": "nixos",
        "ref": "nixos-unstable",
        "repo": "nixpkgs",
        "type": "github"
      }
    },
    "opencode-flake": {
      "inputs": {
        "nixpkgs": "nixpkgs_5"
      },
      "locked": {
        "lastModified": 1790960898,
        "narHash": "sha256-hNVdEXXBmNMrXJ6hoa/YwLtEnK7gCnBkm8mATqr/7mk=",
        "owner": "noblepayne",
        "repo": "opencode-flake",
        "rev": "d8407371be1377d4569c51fd588d8acf7d05db43",
        "type": "github"
      },
      "original": {
        "owner": "noblepayne",
        "repo": "opencode-flake",
        "type": "github"
      }
    },
    "root": {
      "inputs": {
        "home-manager": "home-manager",
        "inir": "inir",
        "nix-cachyos-kernel": "nix-cachyos-kernel",
        "nixos-hardware": "nixos-hardware",
        "nixpkgs": "nixpkgs_4",
        "nixpkgs-unstable": "nixpkgs-unstable",
        "opencode-flake": "opencode-flake",
        "zen-browser": "zen-browser"
      }
    },
    "zen-browser": {
      "inputs": {
        "nixpkgs": [
          "nixpkgs"
        ]
      },
      "locked": {
        "lastModified": 1790843023,
        "narHash": "sha256-vO6WFunNqHCjEaQc3ytshsGhHMqAIeW+5/rEJRLQLxQ=",
        "owner": "youwen5",
        "repo": "zen-browser-flake",
        "rev": "710bb85c6cb4f186de8a710615be5b93b5f98885",
        "type": "github"
      },
      "original": {
        "owner": "youwen5",
        "repo": "zen-browser-flake",
        "type": "github"
      }
    }
  },
  "root": "root",
  "version": 7
}
